
Microsoft Visual Studio Solution File, Format Version 12.00
# Visual Studio Version 17
VisualStudioVersion = 17.9.34607.119
MinimumVisualStudioVersion = 10.0.40219.1
Project("{FAE04EC0-301F-11D3-BF4B-00C04F79EFBC}") = "WinFormsApp25", "WinFormsApp25\WinFormsApp25.csproj", "{84461902-1AA6-470C-A9E5-34C0171CACF2}"
EndProject
Global
	GlobalSection(SolutionConfigurationPlatforms) = preSolution
		Debug|Any CPU = Debug|Any CPU
		Release|Any CPU = Release|Any CPU
	EndGlobalSection
	GlobalSection(ProjectConfigurationPlatforms) = postSolution
		{84461902-1AA6-470C-A9E5-34C0171CACF2}.Debug|Any CPU.ActiveCfg = Debug|Any CPU
		{84461902-1AA6-470C-A9E5-34C0171CACF2}.Debug|Any CPU.Build.0 = Debug|Any CPU
		{84461902-1AA6-470C-A9E5-34C0171CACF2}.Release|Any CPU.ActiveCfg = Release|Any CPU
		{84461902-1AA6-470C-A9E5-34C0171CACF2}.Release|Any CPU.Build.0 = Release|Any CPU
	EndGlobalSection
	GlobalSection(SolutionProperties) = preSolution
		HideSolutionNode = FALSE
	EndGlobalSection
	GlobalSection(ExtensibilityGlobals) = postSolution
		SolutionGuid = {DFBA3781-72AF-469F-98D9-FBC6A70A2E5E}
	EndGlobalSection
EndGlobal
